{
  "name": "topkee-npm-package-sample",
  "version": "1.0.0",
  "lockfileVersion": 2,
  "requires": true,
  "packages": {
    "": {
      "name": "topkee-npm-package-sample",
      "version": "1.0.0",
      "license": "ISC",
      "dependencies": {
        "topkee-npm-package-sample": "^1.0.0"
      }
    },
    "node_modules/topkee-npm-package-sample": {
      "version": "1.0.0",
      "resolved": "https://docker-verdaccio-topkee-npm-registry.apps.v6fj.hk.topkee.top/topkee-npm-package-sample/-/topkee-npm-package-sample-1.0.0.tgz",
      "integrity": "sha512-Ip83WHIR2W07tB3EiKQY+gkiIH3xJyZIu8Mj206ljajvxjO4KI8kGqTtoG+2Gf+6bhpuOD4vwgbq2u5mMKy5RA==",
      "license": "ISC"
    }
  },
  "dependencies": {
    "topkee-npm-package-sample": {
      "version": "1.0.0",
      "resolved": "https://docker-verdaccio-topkee-npm-registry.apps.v6fj.hk.topkee.top/topkee-npm-package-sample/-/topkee-npm-package-sample-1.0.0.tgz",
      "integrity": "sha512-Ip83WHIR2W07tB3EiKQY+gkiIH3xJyZIu8Mj206ljajvxjO4KI8kGqTtoG+2Gf+6bhpuOD4vwgbq2u5mMKy5RA=="
    }
  }
}
